{
  "version": "5",
  "specifiers": {
    "jsr:@std/assert@1": "1.0.19",
    "jsr:@std/internal@^1.0.12": "1.0.14",
    "jsr:@std/yaml@1": "1.1.2",
    "npm:@supabase/supabase-js@2": "2.110.2",
    "npm:bcryptjs@2": "2.4.3",
    "npm:file-type@19": "19.6.0",
    "npm:hono@4": "4.12.30",
    "npm:jose@5": "5.10.0",
    "npm:postgres@*": "3.4.9",
    "npm:postgres@3": "3.4.9",
    "npm:zod@3": "3.25.76"
  },
  "jsr": {
    "@std/assert@1.0.19": {
      "integrity": "eaada96ee120cb980bc47e040f82814d786fe8162ecc53c91d8df60b8755991e",
      "dependencies": [
        "jsr:@std/internal"
      ]
    },
    "@std/internal@1.0.14": {
      "integrity": "291516b3d4c35024d6ffbc0a9df5bf4c64116e05b50012cf846710152d2ffdf7"
    },
    "@std/yaml@1.1.2": {
      "integrity": "de612653c036749ba2044165e316f52412b0f0698afffb7ee80b5331d6d2abae"
    }
  },
  "npm": {
    "@borewit/text-codec@0.2.2": {
      "integrity": "sha512-DDaRehssg1aNrH4+2hnj1B7vnUGEjU6OIlyRdkMd0aUdIUvKXrJfXsy8LVtXAy7DRvYVluWbMspsRhz2lcW0mQ=="
    },
    "@sec-ant/readable-stream@0.4.1": {
      "integrity": "sha512-831qok9r2t8AlxLko40y2ebgSDhenenCatLVeW/uBtnHPyhHOvG0C7TvfgecV+wHzIm5KUICgzmVpWS+IMEAeg=="
    },
    "@supabase/auth-js@2.110.2": {
      "integrity": "sha512-Qj7a6EDP+AMMQFWqGv+qFa8r6re//dk+qQI5bA0KK+PZmnI3JPu97TDeNt6SMiQ2FkklP79hP2yDFYSnA989OA==",
      "dependencies": [
        "tslib"
      ]
    },
    "@supabase/functions-js@2.110.2": {
      "integrity": "sha512-ZjjqrXpxM9/rE+eAtZxiK45EWy9EBoJQ322Q5Y75LccYQNh212neHTgXP/o4MIzmH0LNXT8UzvTZtQOfOzyoeQ==",
      "dependencies": [
        "tslib"
      ]
    },
    "@supabase/phoenix@0.4.4": {
      "integrity": "sha512-Gt0pqoXuIqX/8dvG0OKp/wMCobXNH3klNbUPBNyOfN0YA1IswrM3HyWFMOPk1Jy+BRaIyDPcFx4jLBwHNmlyfQ=="
    },
    "@supabase/postgrest-js@2.110.2": {
      "integrity": "sha512-++LBmcIMwCtgO4tISQUmo9+2xkRwHQqS8ZKMCnhXLe9P8k8YQRXuMoh/RiSzQSoev8gqet0W7yOboW0cUxnt0Q==",
      "dependencies": [
        "tslib"
      ]
    },
    "@supabase/realtime-js@2.110.2": {
      "integrity": "sha512-z3jTOTPgyn6E3r6dVOOQ10He4yAMB2czjFw7xVdX3s16MHElna5rY1gVaePs0NIo6xvtMYbtmOXlFaFt/ePLpg==",
      "dependencies": [
        "@supabase/phoenix",
        "tslib"
      ]
    },
    "@supabase/storage-js@2.110.2": {
      "integrity": "sha512-EhsRSwSnmQefKJsAxoRUZ0hvHr92ECM8DDGAKR5z0HdoJx4heI60PjHUTruVNZxKX6XeobLGDyLud020Bw1iwg==",
      "dependencies": [
        "iceberg-js",
        "tslib"
      ]
    },
    "@supabase/supabase-js@2.110.2": {
      "integrity": "sha512-r9q9w4ZQ6mOjh36aqUNFSisBF611vzpO8JphBESr2Q1SWvmGFQeI7Jq7Y+PaNMZ6Zszz+S2yTlJStCpnaMSnQg==",
      "dependencies": [
        "@supabase/auth-js",
        "@supabase/functions-js",
        "@supabase/postgrest-js",
        "@supabase/realtime-js",
        "@supabase/storage-js"
      ]
    },
    "@tokenizer/token@0.3.0": {
      "integrity": "sha512-OvjF+z51L3ov0OyAU0duzsYuvO01PH7x4t6DJx+guahgTnBHkhJdG7soQeTSFLWN3efnHyibZ4Z8l2EuWwJN3A=="
    },
    "bcryptjs@2.4.3": {
      "integrity": "sha512-V/Hy/X9Vt7f3BbPJEi8BdVFMByHi+jNXrYkW3huaybV/kQ0KJg0Y6PkEMbn+zeT+i+SiKZ/HMqJGIIt4LZDqNQ=="
    },
    "file-type@19.6.0": {
      "integrity": "sha512-VZR5I7k5wkD0HgFnMsq5hOsSc710MJMu5Nc5QYsbe38NN5iPV/XTObYLc/cpttRTf6lX538+5uO1ZQRhYibiZQ==",
      "dependencies": [
        "get-stream",
        "strtok3",
        "token-types",
        "uint8array-extras"
      ]
    },
    "get-stream@9.0.1": {
      "integrity": "sha512-kVCxPF3vQM/N0B1PmoqVUqgHP+EeVjmZSQn+1oCRPxd2P21P2F19lIgbR3HBosbB1PUhOAoctJnfEn2GbN2eZA==",
      "dependencies": [
        "@sec-ant/readable-stream",
        "is-stream"
      ]
    },
    "hono@4.12.30": {
      "integrity": "sha512-emn+JoJjrN9YTpRDS5it/UI2SO9BAE37T6I3d963RxcZ81G9A4pr2SZTEiiaiKbzx+NKRg5BZ89fCL7gCJCUog=="
    },
    "iceberg-js@0.8.1": {
      "integrity": "sha512-1dhVQZXhcHje7798IVM+xoo/1ZdVfzOMIc8/rgVSijRK38EDqOJoGula9N/8ZI5RD8QTxNQtK/Gozpr+qUqRRA=="
    },
    "ieee754@1.2.1": {
      "integrity": "sha512-dcyqhDvX1C46lXZcVqCpK+FtMRQVdIMN6/Df5js2zouUsqG7I6sFxitIC+7KYK29KdXOLHdu9zL4sFnoVQnqaA=="
    },
    "is-stream@4.0.1": {
      "integrity": "sha512-Dnz92NInDqYckGEUJv689RbRiTSEHCQ7wOVeALbkOz999YpqT46yMRIGtSNl2iCL1waAZSx40+h59NV/EwzV/A=="
    },
    "jose@5.10.0": {
      "integrity": "sha512-s+3Al/p9g32Iq+oqXxkW//7jk2Vig6FF1CFqzVXoTUXt2qz89YWbL+OwS17NFYEvxC35n0FKeGO2LGYSxeM2Gg=="
    },
    "peek-readable@5.4.2": {
      "integrity": "sha512-peBp3qZyuS6cNIJ2akRNG1uo1WJ1d0wTxg/fxMdZ0BqCVhx242bSFHM9eNqflfJVS9SsgkzgT/1UgnsurBOTMg=="
    },
    "postgres@3.4.9": {
      "integrity": "sha512-GD3qdB0x1z9xgFI6cdRD6xu2Sp2WCOEoe3mtnyB5Ee0XrrL5Pe+e4CCnJrRMnL1zYtRDZmQQVbvOttLnKDLnaw=="
    },
    "strtok3@9.1.1": {
      "integrity": "sha512-FhwotcEqjr241ZbjFzjlIYg6c5/L/s4yBGWSMvJ9UoExiSqL+FnFA/CaeZx17WGaZMS/4SOZp8wH18jSS4R4lw==",
      "dependencies": [
        "@tokenizer/token",
        "peek-readable"
      ]
    },
    "token-types@6.1.2": {
      "integrity": "sha512-dRXchy+C0IgK8WPC6xvCHFRIWYUbqqdEIKPaKo/AcTUNzwLTK6AH7RjdLWsEZcAN/TBdtfUw3PYEgPr5VPr6ww==",
      "dependencies": [
        "@borewit/text-codec",
        "@tokenizer/token",
        "ieee754"
      ]
    },
    "tslib@2.8.1": {
      "integrity": "sha512-oJFu94HQb+KVduSUQL7wnpmqnfmLsOA/nAh6b6EH0wCEoK0/mPeXU6c3wKDV83MkOuHPRHtSXKKU99IBazS/2w=="
    },
    "uint8array-extras@1.5.0": {
      "integrity": "sha512-rvKSBiC5zqCCiDZ9kAOszZcDvdAHwwIKJG33Ykj43OKcWsnmcBRL09YTU4nOeHZ8Y2a7l1MgTd08SBe9A8Qj6A=="
    },
    "zod@3.25.76": {
      "integrity": "sha512-gzUt/qt81nXsFGKIFcC3YnfEAx5NkunCfnDlvuBSSFS02bcXu4Lmea0AFIUwbLWxWPx3d9p8S5QoaujKcNQxcQ=="
    }
  },
  "workspace": {
    "dependencies": [
      "jsr:@std/assert@1",
      "npm:@supabase/supabase-js@2",
      "npm:bcryptjs@2",
      "npm:file-type@19",
      "npm:hono@4",
      "npm:jose@5",
      "npm:postgres@3",
      "npm:zod@3"
    ]
  }
}
